{
  "requires": true,
  "lockfileVersion": 1,
  "dependencies": {
    "@types/body-parser": {
      "version": "1.19.2",
      "resolved": "https://registry.npmjs.org/@types/body-parser/-/body-parser-1.19.2.tgz",
      "integrity": "sha512-ALYone6pm6QmwZoAgeyNksccT9Q4AWZQ6PvfwR37GT6r6FWUPguq6sUmNGSMV2Wr761oQoBxwGGa6DR5o1DC9g==",
      "dev": true,
      "requires": {
        "@types/connect": "*",
        "@types/node": "*"
      }
    },
    "@types/component-emitter": {
      "version": "1.2.12",
      "resolved": "https://registry.npmjs.org/@types/component-emitter/-/component-emitter-1.2.12.tgz",
      "integrity": "sha512-0pGnjZ3V/D+P+dU20W7r9U9SXFIsapxMhJXQwJls0oYRA26RnTBUsidQRO0XbHBdTlBNhDLfGEEfe636El69tQ==",
      "dev": true
    },
    "@types/connect": {
      "version": "3.4.38",
      "resolved": "https://registry.npmjs.org/@types/connect/-/connect-3.4.38.tgz",
      "integrity": "sha512-K6uROf1LD88uDQqJCktA4yzL1YYAK6NgfsI0v/mTgyPKWsX1CnJ0XPSDhViejru1GcRkLWb8RlzFYJRqGUbaug==",
      "dev": true,
      "requires": {
        "@types/node": "*"
      }
    },
    "@types/csurf": {
      "version": "1.11.5",
      "resolved": "https://registry.npmjs.org/@types/csurf/-/csurf-1.11.5.tgz",
      "integrity": "sha512-5rw87+5YGixyL2W8wblSUl5DSZi5YOlXE6Awwn2ofLvqKr/1LruKffrQipeJKUX44VaxKj8m5es3vfhltJTOoA==",
      "dev": true,
      "requires": {
        "@types/express-serve-static-core": "*"
      }
    },
    "@types/debug": {
      "version": "4.1.8",
      "resolved": "https://registry.npmjs.org/@types/debug/-/debug-4.1.8.tgz",
      "integrity": "sha512-/vPO1EPOs306Cvhwv7KfVfYvOJqA/S/AXjaHQiJboCZzcNDb+TIJFN9/2C9DZ//ijSKWioNyUxD792QmDJ+HKQ==",
      "dev": true,
      "requires": {
        "@types/ms": "*"
      }
    },
    "@types/engine.io": {
      "version": "3.1.7",
      "resolved": "https://registry.npmjs.org/@types/engine.io/-/engine.io-3.1.7.tgz",
      "integrity": "sha512-qNjVXcrp+1sS8YpRUa714r0pgzOwESdW5UjHL7D/2ZFdBX0BXUXtg1LUrp+ylvqbvMcMWUy73YpRoxPN2VoKAQ==",
      "dev": true,
      "requires": {
        "@types/node": "*"
      }
    },
    "@types/express": {
      "version": "4.17.17",
      "resolved": "https://registry.npmjs.org/@types/express/-/express-4.17.17.tgz",
      "integrity": "sha512-Q4FmmuLGBG58btUnfS1c1r/NQdlp3DMfGDGig8WhfpA2YRUtEkxAjkZb0yvplJGYdF1fsQ81iMDcH24sSCNC/Q==",
      "dev": true,
      "requires": {
        "@types/body-parser": "*",
        "@types/express-serve-static-core": "^4.17.33",
        "@types/qs": "*",
        "@types/serve-static": "*"
      }
    },
    "@types/express-serve-static-core": {
      "version": "4.19.6",
      "resolved": "https://registry.npmjs.org/@types/express-serve-static-core/-/express-serve-static-core-4.19.6.tgz",
      "integrity": "sha512-N4LZ2xG7DatVqhCZzOGb1Yi5lMbXSZcmdLDe9EzSndPV2HpWYWzRbaerl2n27irrm94EPpprqa8KpskPT085+A==",
      "dev": true,
      "requires": {
        "@types/node": "*",
        "@types/qs": "*",
        "@types/range-parser": "*",
        "@types/send": "*"
      }
    },
    "@types/express-session": {
      "version": "1.18.1",
      "resolved": "https://registry.npmjs.org/@types/express-session/-/express-session-1.18.1.tgz",
      "integrity": "sha512-S6TkD/lljxDlQ2u/4A70luD8/ZxZcrU5pQwI1rVXCiaVIywoFgbA+PIUNDjPhQpPdK0dGleLtYc/y7XWBfclBg==",
      "dev": true,
      "requires": {
        "@types/express": "*"
      }
    },
    "@types/formidable": {
      "version": "3.4.5",
      "resolved": "https://registry.npmjs.org/@types/formidable/-/formidable-3.4.5.tgz",
      "integrity": "sha512-s7YPsNVfnsng5L8sKnG/Gbb2tiwwJTY1conOkJzTMRvJAlLFW1nEua+ADsJQu8N1c0oTHx9+d5nqg10WuT9gHQ==",
      "dev": true,
      "requires": {
        "@types/node": "*"
      }
    },
    "@types/helmet": {
      "version": "0.0.48",
      "resolved": "https://registry.npmjs.org/@types/helmet/-/helmet-0.0.48.tgz",
      "integrity": "sha512-C7MpnvSDrunS1q2Oy1VWCY7CDWHozqSnM8P4tFeRTuzwqni+PYOjEredwcqWG+kLpYcgLsgcY3orHB54gbx2Jw==",
      "dev": true,
      "requires": {
        "@types/express": "*"
      }
    },
    "@types/html": {
      "version": "1.0.1",
      "resolved": "https://registry.npmjs.org/@types/html/-/html-1.0.1.tgz",
      "integrity": "sha512-6dkUcxfwprxyt5LVfUaihy9tkw0i30inYk2/q1oblXxYCTp9itAyE8Ty6sy39MUMfCA1gcscHIdsicaLqMqDcw==",
      "dev": true
    },
    "@types/http-errors": {
      "version": "2.0.4",
      "resolved": "https://registry.npmjs.org/@types/http-errors/-/http-errors-2.0.4.tgz",
      "integrity": "sha512-D0CFMMtydbJAegzOyHjtiKPLlvnm3iTZyZRSZoLq2mRhDdmLfIWOCYPfQJ4cu2erKghU++QvjcUjp/5h7hESpA==",
      "dev": true
    },
    "@types/isarray": {
      "version": "2.0.0",
      "resolved": "https://registry.npmjs.org/@types/isarray/-/isarray-2.0.0.tgz",
      "integrity": "sha512-NHg6zbZBs+BHKCFr9iQec3k6DFqNIBdAZRPdeChYG7zFn02mJ2mLjo0rBpEoBuKa64hAy8y24RJ7q0RAUujYCQ==",
      "dev": true
    },
    "@types/merge-descriptors": {
      "version": "1.0.1",
      "resolved": "https://registry.npmjs.org/@types/merge-descriptors/-/merge-descriptors-1.0.1.tgz",
      "integrity": "sha512-dvY3+KXKTXn7sD9bFQsaPcw3FN9ljk82YDUDl7O2FsBVBhiN7Ya216aYUqUvlRdbL/lvW90SYAUJZ1fFnmtMUQ==",
      "dev": true
    },
    "@types/mime": {
      "version": "1.3.5",
      "resolved": "https://registry.npmjs.org/@types/mime/-/mime-1.3.5.tgz",
      "integrity": "sha512-/pyBZWSLD2n0dcHE3hq8s8ZvcETHtEuF+3E7XVt0Ig2nvsVQXdghHVcEkIWjy9A0wKfTn97a/PSDYohKIlnP/w==",
      "dev": true
    },
    "@types/ms": {
      "version": "0.7.34",
      "resolved": "https://registry.npmjs.org/@types/ms/-/ms-0.7.34.tgz",
      "integrity": "sha512-nG96G3Wp6acyAgJqGasjODb+acrI7KltPiRxzHPXnP3NgI28bpQDRv53olbqGXbfcgF5aiiHmO3xpwEpS5Ld9g==",
      "dev": true
    },
    "@types/node": {
      "version": "20.6.0",
      "resolved": "https://registry.npmjs.org/@types/node/-/node-20.6.0.tgz",
      "integrity": "sha512-najjVq5KN2vsH2U/xyh2opaSEz6cZMR2SetLIlxlj08nOcmPOemJmUK2o4kUzfLqfrWE0PIrNeE16XhYDd3nqg==",
      "dev": true
    },
    "@types/qs": {
      "version": "6.9.17",
      "resolved": "https://registry.npmjs.org/@types/qs/-/qs-6.9.17.tgz",
      "integrity": "sha512-rX4/bPcfmvxHDv0XjfJELTTr+iB+tn032nPILqHm5wbthUUUuVtNGGqzhya9XUxjTP8Fpr0qYgSZZKxGY++svQ==",
      "dev": true
    },
    "@types/range-parser": {
      "version": "1.2.7",
      "resolved": "https://registry.npmjs.org/@types/range-parser/-/range-parser-1.2.7.tgz",
      "integrity": "sha512-hKormJbkJqzQGhziax5PItDUTMAM9uE2XXQmM37dyd4hVM+5aVl7oVxMVUiVQn2oCQFN/LKCZdvSM0pFRqbSmQ==",
      "dev": true
    },
    "@types/send": {
      "version": "0.17.4",
      "resolved": "https://registry.npmjs.org/@types/send/-/send-0.17.4.tgz",
      "integrity": "sha512-x2EM6TJOybec7c52BX0ZspPodMsQUd5L6PRwOunVyVUhXiBSKf3AezDL8Dgvgt5o0UfKNfuA0eMLr2wLT4AiBA==",
      "dev": true,
      "requires": {
        "@types/mime": "^1",
        "@types/node": "*"
      }
    },
    "@types/serve-static": {
      "version": "1.15.2",
      "resolved": "https://registry.npmjs.org/@types/serve-static/-/serve-static-1.15.2.tgz",
      "integrity": "sha512-J2LqtvFYCzaj8pVYKw8klQXrLLk7TBZmQ4ShlcdkELFKGwGMfevMLneMMRkMgZxotOD9wg497LpC7O8PcvAmfw==",
      "dev": true,
      "requires": {
        "@types/http-errors": "*",
        "@types/mime": "*",
        "@types/node": "*"
      }
    },
    "@types/server": {
      "version": "1.0.5",
      "resolved": "https://registry.npmjs.org/@types/server/-/server-1.0.5.tgz",
      "integrity": "sha512-xO3kSR7mXRdF6FF6juujD0mhO/SIzw1JhYgM9xDCGcAP8KHV1rxa/DLFHHf3blVFvEqXSu56okjQRlITvQ7ZCw==",
      "dev": true,
      "requires": {
        "@types/body-parser": "*",
        "@types/csurf": "*",
        "@types/express": "*",
        "@types/express-session": "*",
        "@types/formidable": "*",
        "@types/helmet": "0.0.48"
      }
    },
    "types-registry": {
      "version": "0.1.697",
      "resolved": "https://registry.npmjs.org/types-registry/-/types-registry-0.1.697.tgz",
      "integrity": "sha512-xd9fKJSwmpmtzoI6fpR4EOPCHYywB28vLrqssFsItQouFJ8a0Ep+dY6eU+axhOqvZjBApsxtrtIGCjBpyGXd0Q=="
    }
  }
}
